
Microsoft Visual Studio Solution File, Format Version 12.00
# Visual Studio Version 17
VisualStudioVersion = 17.3.32819.101
MinimumVisualStudioVersion = 10.0.40219.1
Project("{FAE04EC0-301F-11D3-BF4B-00C04F79EFBC}") = "Rotatable-Picturebox", "Rotatable-Picturebox.csproj", "{6BB72863-B0EB-40FD-9703-B457D49AFCD1}"
EndProject
Global
	GlobalSection(SolutionConfigurationPlatforms) = preSolution
		Debug|Any CPU = Debug|Any CPU
		Release|Any CPU = Release|Any CPU
	EndGlobalSection
	GlobalSection(ProjectConfigurationPlatforms) = postSolution
		{6BB72863-B0EB-40FD-9703-B457D49AFCD1}.Debug|Any CPU.ActiveCfg = Release|Any CPU
		{6BB72863-B0EB-40FD-9703-B457D49AFCD1}.Debug|Any CPU.Build.0 = Release|Any CPU
		{6BB72863-B0EB-40FD-9703-B457D49AFCD1}.Release|Any CPU.ActiveCfg = Release|Any CPU
		{6BB72863-B0EB-40FD-9703-B457D49AFCD1}.Release|Any CPU.Build.0 = Release|Any CPU
	EndGlobalSection
	GlobalSection(SolutionProperties) = preSolution
		HideSolutionNode = FALSE
	EndGlobalSection
	GlobalSection(ExtensibilityGlobals) = postSolution
		SolutionGuid = {A6E6696A-1989-4498-86A0-1A4508C50D4F}
	EndGlobalSection
EndGlobal
